# This file was autogenerated by Stack.
# You should not edit this file by hand.
# For more information, please see the documentation at:
#   https://docs.haskellstack.org/en/stable/lock_files

packages:
- completed:
    name: pdeprelude
    version: 0.2.0.0
    git: https://github.com/10Pines/pdepreludat.git
    pantry-tree:
      size: 2688
      sha256: 8f310dd22872dcd4bf24596bae61a623d924b534cbfeaae0f7c4f56899a5ef54
    commit: 73e547eaec4084ef7f48fdd11bb83b576bd8f3bd
  original:
    git: https://github.com/10Pines/pdepreludat.git
    commit: 73e547eaec4084ef7f48fdd11bb83b576bd8f3bd
snapshots:
- completed:
    size: 720271
    url: https://raw.githubusercontent.com/commercialhaskell/stackage-snapshots/master/lts/22/43.yaml
    sha256: 08bd13ce621b41a8f5e51456b38d5b46d7783ce114a50ab604d6bbab0d002146
  original: lts-22.43
